
Microsoft Visual Studio Solution File, Format Version 12.00
# Visual Studio 15
VisualStudioVersion = 15.0.28307.421
MinimumVisualStudioVersion = 10.0.40219.1
Project("{FAE04EC0-301F-11D3-BF4B-00C04F79EFBC}") = "PiAE_LR3", "PiAE_LR3\PiAE_LR3.csproj", "{E99E62AC-FA23-4334-8427-70CF89623BD4}"
EndProject
Project("{9A19103F-16F7-4668-BE54-9A1E7A4F7556}") = "ConsecutiveReverseOptimizer", "ConsecutiveReverseOptimizer\ConsecutiveReverseOptimizer.csproj", "{EDE78588-7A2D-4497-9AB7-AC68C21C41F8}"
EndProject
Project("{FAE04EC0-301F-11D3-BF4B-00C04F79EFBC}") = "PiAE_LR4", "PiAE_LR4\PiAE_LR4.csproj", "{723890C4-A71E-4BFD-B434-A9F1FA011372}"
EndProject
Global
	GlobalSection(SolutionConfigurationPlatforms) = preSolution
		Debug|Any CPU = Debug|Any CPU
		Release|Any CPU = Release|Any CPU
	EndGlobalSection
	GlobalSection(ProjectConfigurationPlatforms) = postSolution
		{E99E62AC-FA23-4334-8427-70CF89623BD4}.Debug|Any CPU.ActiveCfg = Debug|Any CPU
		{E99E62AC-FA23-4334-8427-70CF89623BD4}.Debug|Any CPU.Build.0 = Debug|Any CPU
		{E99E62AC-FA23-4334-8427-70CF89623BD4}.Release|Any CPU.ActiveCfg = Release|Any CPU
		{E99E62AC-FA23-4334-8427-70CF89623BD4}.Release|Any CPU.Build.0 = Release|Any CPU
		{EDE78588-7A2D-4497-9AB7-AC68C21C41F8}.Debug|Any CPU.ActiveCfg = Debug|Any CPU
		{EDE78588-7A2D-4497-9AB7-AC68C21C41F8}.Debug|Any CPU.Build.0 = Debug|Any CPU
		{EDE78588-7A2D-4497-9AB7-AC68C21C41F8}.Release|Any CPU.ActiveCfg = Release|Any CPU
		{EDE78588-7A2D-4497-9AB7-AC68C21C41F8}.Release|Any CPU.Build.0 = Release|Any CPU
		{723890C4-A71E-4BFD-B434-A9F1FA011372}.Debug|Any CPU.ActiveCfg = Debug|Any CPU
		{723890C4-A71E-4BFD-B434-A9F1FA011372}.Debug|Any CPU.Build.0 = Debug|Any CPU
		{723890C4-A71E-4BFD-B434-A9F1FA011372}.Release|Any CPU.ActiveCfg = Release|Any CPU
		{723890C4-A71E-4BFD-B434-A9F1FA011372}.Release|Any CPU.Build.0 = Release|Any CPU
	EndGlobalSection
	GlobalSection(SolutionProperties) = preSolution
		HideSolutionNode = FALSE
	EndGlobalSection
	GlobalSection(ExtensibilityGlobals) = postSolution
		SolutionGuid = {AAD1FC8E-B96A-4880-B224-941656769F04}
	EndGlobalSection
EndGlobal
